
Microsoft Visual Studio Solution File, Format Version 12.00
# Visual Studio Version 17
VisualStudioVersion = 17.9.34728.123
MinimumVisualStudioVersion = 10.0.40219.1
Project("{FAE04EC0-301F-11D3-BF4B-00C04F79EFBC}") = "KnightTour", "KnightTour\KnightTour.csproj", "{8811593A-8621-435F-8A63-9DC8571CAC9B}"
EndProject
Global
	GlobalSection(SolutionConfigurationPlatforms) = preSolution
		Debug|Any CPU = Debug|Any CPU
		Release|Any CPU = Release|Any CPU
	EndGlobalSection
	GlobalSection(ProjectConfigurationPlatforms) = postSolution
		{8811593A-8621-435F-8A63-9DC8571CAC9B}.Debug|Any CPU.ActiveCfg = Debug|Any CPU
		{8811593A-8621-435F-8A63-9DC8571CAC9B}.Debug|Any CPU.Build.0 = Debug|Any CPU
		{8811593A-8621-435F-8A63-9DC8571CAC9B}.Release|Any CPU.ActiveCfg = Release|Any CPU
		{8811593A-8621-435F-8A63-9DC8571CAC9B}.Release|Any CPU.Build.0 = Release|Any CPU
	EndGlobalSection
	GlobalSection(SolutionProperties) = preSolution
		HideSolutionNode = FALSE
	EndGlobalSection
	GlobalSection(ExtensibilityGlobals) = postSolution
		SolutionGuid = {FE6EB2CF-EC69-4BE3-B1CE-83304CD64649}
	EndGlobalSection
EndGlobal
